hash: e7a0ad5ef53c597f9a456d88e853c15390de8070e922b2615f4b9bb36df242c4
updated: 2020-03-08T14:27:58.918415+08:00
imports:
- name: github.com/konsorten/go-windows-terminal-sequences
  version: f55edac94c9bbba5d6182a4be46d86a2c9b5b50e
- name: github.com/sirupsen/logrus
  version: 839c75faf7f98a33d445d181f3018b5c3409a45e
- name: golang.org/x/sys
  version: 5c8b2ff67527cb88b770f693cebf3799036d8bc0
  subpackages:
  - unix
testImports: []
