github.com/davecgh/go-spew v1.1.0 h1:ZDRjVQ15GmhC3fiQ8ni8+OwkZQO4DARzQgrnXU1Liz8=
github.com/davecgh/go-spew v1.1.0/go.mod h1:J7Y8YcW2NihsgmVo/mv3lAwl/skON4iLHjSsI+c5H38=
github.com/pmezard/go-difflib v1.0.0 h1:4DBwDE0NGyQoBHbLQYPwSUPoCMWR5BEzIk/f1lZbAQM=
github.com/pmezard/go-difflib v1.0.0/go.mod h1:iKH77koFhYxTK1pcRnkKkqfTogsbg7gZNVY4sRDYZ/4=
github.com/qiniu/dyn v0.0.0-20190906045710-c4ab5e0a4412/go.mod h1:zjv6PkMIiScGjPmV1wZHy8P3nMniAUY8o95L0xfpxHc=
github.com/qiniu/dyn v0.0.0-20190911135125-949eec9ecf4b h1:dNJE7PPiys6bUGw4sPiZvvVnq9qpYmm40JDlZiAXtTU=
github.com/qiniu/dyn v0.0.0-20190911135125-949eec9ecf4b/go.mod h1:En9iw0jHEKh1kD6JehUZvNfbMx1Tz+NnMpnNqnKT1Bk=
github.com/qiniu/http v1.0.2 h1:h1EHuwoAB7Xd+mZoBxG+l5nIh/gRIuOdcQIRkWreyO8=
github.com/qiniu/http v1.0.2/go.mod h1:0e8M0FAKi/jlANPO0T9VhKUVqi6b9p7DNASCWUTB+eA=
github.com/qiniu/httptest v1.0.0/go.mod h1:y3D03TAt5pTsIBK2Wn9RDR0ZxnH70taCqJUb48ZDSeM=
github.com/qiniu/httptest v1.0.1 h1:kVH1NpktE7G+58kMb+pPKJKfqbcoXsSe5NABnuPx6FM=
github.com/qiniu/httptest v1.0.1/go.mod h1:tsD5p5LAqPKTwcfrrYy7DT0spFADj8s8a+DUc1SGm/w=
github.com/qiniu/qiniutest v1.0.0/go.mod h1:/CufYQ3D0gnsJ6ng0BrQ9l2islrezMx5ERKjSRZHMeU=
github.com/qiniu/x v0.0.0-20190911131702-ec64d9399366/go.mod h1:aU6kpH+y42VG99LnEu20KKbvXZY1x7znEJjuR4ErCy0=
github.com/qiniu/x v7.0.8+incompatible h1:P4LASsfwJY7SoZ13dwqBwGhZh7HKU8cdFVCUkmz0gZ8=
github.com/qiniu/x v8.0.0+incompatible h1:DHOZzMKlFsvscZMfXVKeZEnj1kRW90S3oTElhP88ugY=
github.com/qiniu/x v8.0.0+incompatible/go.mod h1:aU6kpH+y42VG99LnEu20KKbvXZY1x7znEJjuR4ErCy0=
github.com/stretchr/objx v0.1.0/go.mod h1:HFkY916IF+rwdDfMAkV7OtwuqBVzrE8GR6GFx+wExME=
github.com/stretchr/testify v1.4.0 h1:2E4SXV/wtOkTonXsotYi4li6zVWxYlZuYNCXe9XRJyk=
github.com/stretchr/testify v1.4.0/go.mod h1:j7eGeouHqKxXV5pUuKE4zz7dFj8WfuZ+81PSLYec5m4=
gopkg.in/check.v1 v0.0.0-20161208181325-20d25e280405/go.mod h1:Co6ibVJAznAaIkqp8huTwlJQCZ016jof/cbN4VW5Yz0=
gopkg.in/mgo.v2 v2.0.0-20190816093944-a6b53ec6cb22 h1:VpOs+IwYnYBaFnrNAeB8UUWtL3vEUnzSCL1nVjPhqrw=
gopkg.in/mgo.v2 v2.0.0-20190816093944-a6b53ec6cb22/go.mod h1:yeKp02qBN3iKW1OzL3MGk2IdtZzaj7SFntXj72NppTA=
gopkg.in/yaml.v2 v2.2.2 h1:ZCJp+EgiOT7lHqUV2J862kp8Qj64Jo6az82+3Td9dZw=
gopkg.in/yaml.v2 v2.2.2/go.mod h1:hI93XBmqTisBFMUTm0b8Fm+jr3Dg1NNxqwp+5A1VGuI=
